github.com/g3n/engine v0.1.0 h1:e+HR/X4awny6sVx0CikNG/KyH17nXNR3CIyqDJaAI30=
github.com/g3n/engine v0.1.0/go.mod h1:gH3V0Zq2oM9UlI9Y+HGVkAGaUsrjHMC8d0Eiz2URXyI=
github.com/g3n/engine v0.1.1-0.20200808174730-39ccc1c74ee5 h1:4OUeJOo9TXmeD76aR09YRzcFGgw0EMu9YcFLOTXII0Q=
github.com/g3n/engine v0.1.1-0.20200808174730-39ccc1c74ee5/go.mod h1:2vWSsTq50wKeXDDb76xSDcBPKEcf+yuhtIL80DdJRAI=
github.com/go-gl/glfw v0.0.0-20201108214237-06ea97f0c265 h1:y+9kl/LaBMwLfNwCg5BbnHIWBGKeYokXTSBhGnwWcB8=
github.com/go-gl/glfw v0.0.0-20201108214237-06ea97f0c265/go.mod h1:vR7hzQXu2zJy9AVAgeJqvqgH9Q5CA+iKCZ2gyEVpxRU=
github.com/go-gl/glfw/v3.3/glfw v0.0.0-20200707082815-5321531c36a2 h1:Ac1OEHHkbAZ6EUnJahF0GKcU0FjPc/V8F1DvjhKngFE=
github.com/go-gl/glfw/v3.3/glfw v0.0.0-20200707082815-5321531c36a2/go.mod h1:tQ2UAYgL5IevRw8kRxooKSPJfGvJ9fJQFa0TUsXzTg8=
github.com/golang/freetype v0.0.0-20170609003504-e2365dfdc4a0 h1:DACJavvAHhabrF08vX0COfcOBJRhZ8lUbR+ZWIs0Y5g=
github.com/golang/freetype v0.0.0-20170609003504-e2365dfdc4a0/go.mod h1:E/TSTwGwJL78qG/PmXZO1EjYhfJinVAhrmmHX6Z8B9k=
github.com/vulkan-go/asche v0.0.0-20190912134304-d4b318b67e07/go.mod h1:fIbNY6YffQRtdF22h26OXRprI/BGOWPKlxJWtNC78OA=
github.com/vulkan-go/demos v0.0.0-20200912085326-922fc3db80c5 h1:c8WaRn1/z4JncdlFcRs+EW/viXoBnC6r219+SLUB2FI=
github.com/vulkan-go/demos v0.0.0-20200912085326-922fc3db80c5/go.mod h1:MDPzTkD6cODMWCzBpdWFqHFgdQF3wuQ06MZw/Tv7S+I=
github.com/vulkan-go/glfw v0.0.0-20190520160600-32f33e359ff2 h1:jPnSXM1EM+6J1MbKbUZvQWkuS6Z9lPWRxTHn1NPsyNY=
github.com/vulkan-go/glfw v0.0.0-20190520160600-32f33e359ff2/go.mod h1:qui9jo5J26j9fXv2x3bySGThxYkQZt4SgsPIZRtZAbQ=
github.com/vulkan-go/vulkan v0.0.0-20200123094538-aa511c71e200 h1:Gd8JCplUKwEoAx/9s/zL9DQzNdxmWidxd2uM4zVpURw=
github.com/vulkan-go/vulkan v0.0.0-20200123094538-aa511c71e200/go.mod h1:X6Qqg0j5A5cYHhFXUOl6TL/vYdyh/ajvyCvh+sEHQFI=
github.com/xlab/closer v0.0.0-20190328110542-03326addb7c2 h1:LPYwXwwHigHHFX3SFa9W9zBIa5reyaLJos2e95eHh68=
github.com/xlab/closer v0.0.0-20190328110542-03326addb7c2/go.mod h1:Y8IYP9aVODN3Vnw1FCqygCG5IWyYBeBlZqQ5aX+fHFw=
github.com/xlab/linmath v0.0.0-20170502193301-512668b827be h1:J/lWrXhpS1n3HRy18iqZnIhQqGSrvKnXQpVRNG5rKqM=
github.com/xlab/linmath v0.0.0-20170502193301-512668b827be/go.mod h1:fgIYDv0Jdzzt+7Us/LdHhBL5N7xqDoj7Jgyf9da1mH4=
github.com/xlab/tablewriter v0.0.0-20160610135559-80b567a11ad5 h1:gmD7q6cCJfBbcuobWQe/KzLsd9Cd3amS1Mq5f3uU1qo=
github.com/xlab/tablewriter v0.0.0-20160610135559-80b567a11ad5/go.mod h1:fVwOndYN3s5IaGlMucfgxwMhqwcaJtlGejBU6zX6Yxw=
golang.org/x/image v0.0.0-20190910094157-69e4b8554b2a/go.mod h1:FeLwcggjj3mMvU+oOTbSwawSJRM1uh48EjtB4UJZlP0=
golang.org/x/image v0.0.0-20200927104501-e162460cd6b5 h1:QelT11PB4FXiDEXucrfNckHoFxwt8USGY1ajP1ZF5lM=
golang.org/x/image v0.0.0-20200927104501-e162460cd6b5/go.mod h1:FeLwcggjj3mMvU+oOTbSwawSJRM1uh48EjtB4UJZlP0=
golang.org/x/text v0.3.0/go.mod h1:NqM8EUOU14njkJ3fqMW+pc6Ldnwhi/IjpwHt7yyuwOQ=
gopkg.in/check.v1 v0.0.0-20161208181325-20d25e280405/go.mod h1:Co6ibVJAznAaIkqp8huTwlJQCZ016jof/cbN4VW5Yz0=
gopkg.in/yaml.v2 v2.2.2/go.mod h1:hI93XBmqTisBFMUTm0b8Fm+jr3Dg1NNxqwp+5A1VGuI=
gopkg.in/yaml.v2 v2.4.0 h1:D8xgwECY7CYvx+Y2n4sBz93Jn9JRvxdiyyo8CTfuKaY=
gopkg.in/yaml.v2 v2.4.0/go.mod h1:RDklbk79AGWmwhnvt/jBztapEOGDOx6ZbXqjP6csGnQ=
